
Microsoft Visual Studio Solution File, Format Version 12.00
# Visual Studio 15
VisualStudioVersion = 15.0.27703.2000
MinimumVisualStudioVersion = 10.0.40219.1
Project("{FAE04EC0-301F-11D3-BF4B-00C04F79EFBC}") = "Postmate.Android", "Postmate\Postmate.Android\Postmate.Android.csproj", "{86E15D96-1777-4549-BE06-FF2FA4E0676C}"
EndProject
Project("{FAE04EC0-301F-11D3-BF4B-00C04F79EFBC}") = "Postmate.iOS", "Postmate\Postmate.iOS\Postmate.iOS.csproj", "{31450350-6D9B-4FA2-938F-8B6ACC8DD135}"
EndProject
Project("{FAE04EC0-301F-11D3-BF4B-00C04F79EFBC}") = "Postmate.UWP", "Postmate\Postmate.UWP\Postmate.UWP.csproj", "{B75A9BC4-80F2-42CD-A8A7-4AD013788907}"
EndProject
Project("{FAE04EC0-301F-11D3-BF4B-00C04F79EFBC}") = "Postmate", "Postmate\Postmate\Postmate.csproj", "{8610F9A9-36C0-4150-A552-C65333EE5FCE}"
EndProject
Global
	GlobalSection(SolutionConfigurationPlatforms) = preSolution
		Ad-Hoc|Any CPU = Ad-Hoc|Any CPU
		Ad-Hoc|ARM = Ad-Hoc|ARM
		Ad-Hoc|iPhone = Ad-Hoc|iPhone
		Ad-Hoc|iPhoneSimulator = Ad-Hoc|iPhoneSimulator
		Ad-Hoc|x64 = Ad-Hoc|x64
		Ad-Hoc|x86 = Ad-Hoc|x86
		AppStore|Any CPU = AppStore|Any CPU
		AppStore|ARM = AppStore|ARM
		AppStore|iPhone = AppStore|iPhone
		AppStore|iPhoneSimulator = AppStore|iPhoneSimulator
		AppStore|x64 = AppStore|x64
		AppStore|x86 = AppStore|x86
		Debug|Any CPU = Debug|Any CPU
		Debug|ARM = Debug|ARM
		Debug|iPhone = Debug|iPhone
		Debug|iPhoneSimulator = Debug|iPhoneSimulator
		Debug|x64 = Debug|x64
		Debug|x86 = Debug|x86
		Release|Any CPU = Release|Any CPU
		Release|ARM = Release|ARM
		Release|iPhone = Release|iPhone
		Release|iPhoneSimulator = Release|iPhoneSimulator
		Release|x64 = Release|x64
		Release|x86 = Release|x86
	EndGlobalSection
	GlobalSection(ProjectConfigurationPlatforms) = postSolution
		{86E15D96-1777-4549-BE06-FF2FA4E0676C}.Ad-Hoc|Any CPU.ActiveCfg = Release|Any CPU
		{86E15D96-1777-4549-BE06-FF2FA4E0676C}.Ad-Hoc|Any CPU.Build.0 = Release|Any CPU
		{86E15D96-1777-4549-BE06-FF2FA4E0676C}.Ad-Hoc|Any CPU.Deploy.0 = Release|Any CPU
		{86E15D96-1777-4549-BE06-FF2FA4E0676C}.Ad-Hoc|ARM.ActiveCfg = Release|Any CPU
		{86E15D96-1777-4549-BE06-FF2FA4E0676C}.Ad-Hoc|ARM.Build.0 = Release|Any CPU
		{86E15D96-1777-4549-BE06-FF2FA4E0676C}.Ad-Hoc|ARM.Deploy.0 = Release|Any CPU
		{86E15D96-1777-4549-BE06-FF2FA4E0676C}.Ad-Hoc|iPhone.ActiveCfg = Release|Any CPU
		{86E15D96-1777-4549-BE06-FF2FA4E0676C}.Ad-Hoc|iPhone.Build.0 = Release|Any CPU
		{86E15D96-1777-4549-BE06-FF2FA4E0676C}.Ad-Hoc|iPhone.Deploy.0 = Release|Any CPU
		{86E15D96-1777-4549-BE06-FF2FA4E0676C}.Ad-Hoc|iPhoneSimulator.ActiveCfg = Release|Any CPU
		{86E15D96-1777-4549-BE06-FF2FA4E0676C}.Ad-Hoc|iPhoneSimulator.Build.0 = Release|Any CPU
		{86E15D96-1777-4549-BE06-FF2FA4E0676C}.Ad-Hoc|iPhoneSimulator.Deploy.0 = Release|Any CPU
		{86E15D96-1777-4549-BE06-FF2FA4E0676C}.Ad-Hoc|x64.ActiveCfg = Release|Any CPU
		{86E15D96-1777-4549-BE06-FF2FA4E0676C}.Ad-Hoc|x64.Build.0 = Release|Any CPU
		{86E15D96-1777-4549-BE06-FF2FA4E0676C}.Ad-Hoc|x64.Deploy.0 = Release|Any CPU
		{86E15D96-1777-4549-BE06-FF2FA4E0676C}.Ad-Hoc|x86.ActiveCfg = Release|Any CPU
		{86E15D96-1777-4549-BE06-FF2FA4E0676C}.Ad-Hoc|x86.Build.0 = Release|Any CPU
		{86E15D96-1777-4549-BE06-FF2FA4E0676C}.Ad-Hoc|x86.Deploy.0 = Release|Any CPU
		{86E15D96-1777-4549-BE06-FF2FA4E0676C}.AppStore|Any CPU.ActiveCfg = Release|Any CPU
		{86E15D96-1777-4549-BE06-FF2FA4E0676C}.AppStore|Any CPU.Build.0 = Release|Any CPU
		{86E15D96-1777-4549-BE06-FF2FA4E0676C}.AppStore|Any CPU.Deploy.0 = Release|Any CPU
		{86E15D96-1777-4549-BE06-FF2FA4E0676C}.AppStore|ARM.ActiveCfg = Release|Any CPU
		{86E15D96-1777-4549-BE06-FF2FA4E0676C}.AppStore|ARM.Build.0 = Release|Any CPU
		{86E15D96-1777-4549-BE06-FF2FA4E0676C}.AppStore|ARM.Deploy.0 = Release|Any CPU
		{86E15D96-1777-4549-BE06-FF2FA4E0676C}.AppStore|iPhone.ActiveCfg = Release|Any CPU
		{86E15D96-1777-4549-BE06-FF2FA4E0676C}.AppStore|iPhone.Build.0 = Release|Any CPU
		{86E15D96-1777-4549-BE06-FF2FA4E0676C}.AppStore|iPhone.Deploy.0 = Release|Any CPU
		{86E15D96-1777-4549-BE06-FF2FA4E0676C}.AppStore|iPhoneSimulator.ActiveCfg = Release|Any CPU
		{86E15D96-1777-4549-BE06-FF2FA4E0676C}.AppStore|iPhoneSimulator.Build.0 = Release|Any CPU
		{86E15D96-1777-4549-BE06-FF2FA4E0676C}.AppStore|iPhoneSimulator.Deploy.0 = Release|Any CPU
		{86E15D96-1777-4549-BE06-FF2FA4E0676C}.AppStore|x64.ActiveCfg = Release|Any CPU
		{86E15D96-1777-4549-BE06-FF2FA4E0676C}.AppStore|x64.Build.0 = Release|Any CPU
		{86E15D96-1777-4549-BE06-FF2FA4E0676C}.AppStore|x64.Deploy.0 = Release|Any CPU
		{86E15D96-1777-4549-BE06-FF2FA4E0676C}.AppStore|x86.ActiveCfg = Release|Any CPU
		{86E15D96-1777-4549-BE06-FF2FA4E0676C}.AppStore|x86.Build.0 = Release|Any CPU
		{86E15D96-1777-4549-BE06-FF2FA4E0676C}.AppStore|x86.Deploy.0 = Release|Any CPU
		{86E15D96-1777-4549-BE06-FF2FA4E0676C}.Debug|Any CPU.ActiveCfg = Debug|Any CPU
		{86E15D96-1777-4549-BE06-FF2FA4E0676C}.Debug|Any CPU.Build.0 = Debug|Any CPU
		{86E15D96-1777-4549-BE06-FF2FA4E0676C}.Debug|Any CPU.Deploy.0 = Debug|Any CPU
		{86E15D96-1777-4549-BE06-FF2FA4E0676C}.Debug|ARM.ActiveCfg = Debug|Any CPU
		{86E15D96-1777-4549-BE06-FF2FA4E0676C}.Debug|ARM.Build.0 = Debug|Any CPU
		{86E15D96-1777-4549-BE06-FF2FA4E0676C}.Debug|ARM.Deploy.0 = Debug|Any CPU
		{86E15D96-1777-4549-BE06-FF2FA4E0676C}.Debug|iPhone.ActiveCfg = Debug|Any CPU
		{86E15D96-1777-4549-BE06-FF2FA4E0676C}.Debug|iPhone.Build.0 = Debug|Any CPU
		{86E15D96-1777-4549-BE06-FF2FA4E0676C}.Debug|iPhone.Deploy.0 = Debug|Any CPU
		{86E15D96-1777-4549-BE06-FF2FA4E0676C}.Debug|iPhoneSimulator.ActiveCfg = Debug|Any CPU
		{86E15D96-1777-4549-BE06-FF2FA4E0676C}.Debug|iPhoneSimulator.Build.0 = Debug|Any CPU
		{86E15D96-1777-4549-BE06-FF2FA4E0676C}.Debug|iPhoneSimulator.Deploy.0 = Debug|Any CPU
		{86E15D96-1777-4549-BE06-FF2FA4E0676C}.Debug|x64.ActiveCfg = Debug|Any CPU
		{86E15D96-1777-4549-BE06-FF2FA4E0676C}.Debug|x64.Build.0 = Debug|Any CPU
		{86E15D96-1777-4549-BE06-FF2FA4E0676C}.Debug|x64.Deploy.0 = Debug|Any CPU
		{86E15D96-1777-4549-BE06-FF2FA4E0676C}.Debug|x86.ActiveCfg = Debug|Any CPU
		{86E15D96-1777-4549-BE06-FF2FA4E0676C}.Debug|x86.Build.0 = Debug|Any CPU
		{86E15D96-1777-4549-BE06-FF2FA4E0676C}.Debug|x86.Deploy.0 = Debug|Any CPU
		{86E15D96-1777-4549-BE06-FF2FA4E0676C}.Release|Any CPU.ActiveCfg = Release|Any CPU
		{86E15D96-1777-4549-BE06-FF2FA4E0676C}.Release|Any CPU.Build.0 = Release|Any CPU
		{86E15D96-1777-4549-BE06-FF2FA4E0676C}.Release|Any CPU.Deploy.0 = Release|Any CPU
		{86E15D96-1777-4549-BE06-FF2FA4E0676C}.Release|ARM.ActiveCfg = Release|Any CPU
		{86E15D96-1777-4549-BE06-FF2FA4E0676C}.Release|ARM.Build.0 = Release|Any CPU
		{86E15D96-1777-4549-BE06-FF2FA4E0676C}.Release|ARM.Deploy.0 = Release|Any CPU
		{86E15D96-1777-4549-BE06-FF2FA4E0676C}.Release|iPhone.ActiveCfg = Release|Any CPU
		{86E15D96-1777-4549-BE06-FF2FA4E0676C}.Release|iPhone.Build.0 = Release|Any CPU
		{86E15D96-1777-4549-BE06-FF2FA4E0676C}.Release|iPhone.Deploy.0 = Release|Any CPU
		{86E15D96-1777-4549-BE06-FF2FA4E0676C}.Release|iPhoneSimulator.ActiveCfg = Release|Any CPU
		{86E15D96-1777-4549-BE06-FF2FA4E0676C}.Release|iPhoneSimulator.Build.0 = Release|Any CPU
		{86E15D96-1777-4549-BE06-FF2FA4E0676C}.Release|iPhoneSimulator.Deploy.0 = Release|Any CPU
		{86E15D96-1777-4549-BE06-FF2FA4E0676C}.Release|x64.ActiveCfg = Release|Any CPU
		{86E15D96-1777-4549-BE06-FF2FA4E0676C}.Release|x64.Build.0 = Release|Any CPU
		{86E15D96-1777-4549-BE06-FF2FA4E0676C}.Release|x64.Deploy.0 = Release|Any CPU
		{86E15D96-1777-4549-BE06-FF2FA4E0676C}.Release|x86.ActiveCfg = Release|Any CPU
		{86E15D96-1777-4549-BE06-FF2FA4E0676C}.Release|x86.Build.0 = Release|Any CPU
		{86E15D96-1777-4549-BE06-FF2FA4E0676C}.Release|x86.Deploy.0 = Release|Any CPU
		{31450350-6D9B-4FA2-938F-8B6ACC8DD135}.Ad-Hoc|Any CPU.ActiveCfg = Ad-Hoc|iPhone
		{31450350-6D9B-4FA2-938F-8B6ACC8DD135}.Ad-Hoc|Any CPU.Build.0 = Ad-Hoc|iPhone
		{31450350-6D9B-4FA2-938F-8B6ACC8DD135}.Ad-Hoc|Any CPU.Deploy.0 = Ad-Hoc|iPhone
		{31450350-6D9B-4FA2-938F-8B6ACC8DD135}.Ad-Hoc|ARM.ActiveCfg = Ad-Hoc|iPhone
		{31450350-6D9B-4FA2-938F-8B6ACC8DD135}.Ad-Hoc|ARM.Build.0 = Ad-Hoc|iPhone
		{31450350-6D9B-4FA2-938F-8B6ACC8DD135}.Ad-Hoc|ARM.Deploy.0 = Ad-Hoc|iPhone
		{31450350-6D9B-4FA2-938F-8B6ACC8DD135}.Ad-Hoc|iPhone.ActiveCfg = Ad-Hoc|iPhone
		{31450350-6D9B-4FA2-938F-8B6ACC8DD135}.Ad-Hoc|iPhone.Build.0 = Ad-Hoc|iPhone
		{31450350-6D9B-4FA2-938F-8B6ACC8DD135}.Ad-Hoc|iPhone.Deploy.0 = Ad-Hoc|iPhone
		{31450350-6D9B-4FA2-938F-8B6ACC8DD135}.Ad-Hoc|iPhoneSimulator.ActiveCfg = Ad-Hoc|iPhoneSimulator
		{31450350-6D9B-4FA2-938F-8B6ACC8DD135}.Ad-Hoc|iPhoneSimulator.Build.0 = Ad-Hoc|iPhoneSimulator
		{31450350-6D9B-4FA2-938F-8B6ACC8DD135}.Ad-Hoc|iPhoneSimulator.Deploy.0 = Ad-Hoc|iPhoneSimulator
		{31450350-6D9B-4FA2-938F-8B6ACC8DD135}.Ad-Hoc|x64.ActiveCfg = Ad-Hoc|iPhone
		{31450350-6D9B-4FA2-938F-8B6ACC8DD135}.Ad-Hoc|x64.Build.0 = Ad-Hoc|iPhone
		{31450350-6D9B-4FA2-938F-8B6ACC8DD135}.Ad-Hoc|x64.Deploy.0 = Ad-Hoc|iPhone
		{31450350-6D9B-4FA2-938F-8B6ACC8DD135}.Ad-Hoc|x86.ActiveCfg = Ad-Hoc|iPhone
		{31450350-6D9B-4FA2-938F-8B6ACC8DD135}.Ad-Hoc|x86.Build.0 = Ad-Hoc|iPhone
		{31450350-6D9B-4FA2-938F-8B6ACC8DD135}.Ad-Hoc|x86.Deploy.0 = Ad-Hoc|iPhone
		{31450350-6D9B-4FA2-938F-8B6ACC8DD135}.AppStore|Any CPU.ActiveCfg = AppStore|iPhone
		{31450350-6D9B-4FA2-938F-8B6ACC8DD135}.AppStore|Any CPU.Build.0 = AppStore|iPhone
		{31450350-6D9B-4FA2-938F-8B6ACC8DD135}.AppStore|Any CPU.Deploy.0 = AppStore|iPhone
		{31450350-6D9B-4FA2-938F-8B6ACC8DD135}.AppStore|ARM.ActiveCfg = AppStore|iPhone
		{31450350-6D9B-4FA2-938F-8B6ACC8DD135}.AppStore|ARM.Build.0 = AppStore|iPhone
		{31450350-6D9B-4FA2-938F-8B6ACC8DD135}.AppStore|ARM.Deploy.0 = AppStore|iPhone
		{31450350-6D9B-4FA2-938F-8B6ACC8DD135}.AppStore|iPhone.ActiveCfg = AppStore|iPhone
		{31450350-6D9B-4FA2-938F-8B6ACC8DD135}.AppStore|iPhone.Build.0 = AppStore|iPhone
		{31450350-6D9B-4FA2-938F-8B6ACC8DD135}.AppStore|iPhone.Deploy.0 = AppStore|iPhone
		{31450350-6D9B-4FA2-938F-8B6ACC8DD135}.AppStore|iPhoneSimulator.ActiveCfg = AppStore|iPhoneSimulator
		{31450350-6D9B-4FA2-938F-8B6ACC8DD135}.AppStore|iPhoneSimulator.Build.0 = AppStore|iPhoneSimulator
		{31450350-6D9B-4FA2-938F-8B6ACC8DD135}.AppStore|iPhoneSimulator.Deploy.0 = AppStore|iPhoneSimulator
		{31450350-6D9B-4FA2-938F-8B6ACC8DD135}.AppStore|x64.ActiveCfg = AppStore|iPhone
		{31450350-6D9B-4FA2-938F-8B6ACC8DD135}.AppStore|x64.Build.0 = AppStore|iPhone
		{31450350-6D9B-4FA2-938F-8B6ACC8DD135}.AppStore|x64.Deploy.0 = AppStore|iPhone
		{31450350-6D9B-4FA2-938F-8B6ACC8DD135}.AppStore|x86.ActiveCfg = AppStore|iPhone
		{31450350-6D9B-4FA2-938F-8B6ACC8DD135}.AppStore|x86.Build.0 = AppStore|iPhone
		{31450350-6D9B-4FA2-938F-8B6ACC8DD135}.AppStore|x86.Deploy.0 = AppStore|iPhone
		{31450350-6D9B-4FA2-938F-8B6ACC8DD135}.Debug|Any CPU.ActiveCfg = Debug|iPhoneSimulator
		{31450350-6D9B-4FA2-938F-8B6ACC8DD135}.Debug|Any CPU.Build.0 = Debug|iPhoneSimulator
		{31450350-6D9B-4FA2-938F-8B6ACC8DD135}.Debug|Any CPU.Deploy.0 = Debug|iPhoneSimulator
		{31450350-6D9B-4FA2-938F-8B6ACC8DD135}.Debug|ARM.ActiveCfg = Debug|iPhone
		{31450350-6D9B-4FA2-938F-8B6ACC8DD135}.Debug|ARM.Build.0 = Debug|iPhone
		{31450350-6D9B-4FA2-938F-8B6ACC8DD135}.Debug|ARM.Deploy.0 = Debug|iPhone
		{31450350-6D9B-4FA2-938F-8B6ACC8DD135}.Debug|iPhone.ActiveCfg = Debug|iPhone
		{31450350-6D9B-4FA2-938F-8B6ACC8DD135}.Debug|iPhone.Build.0 = Debug|iPhone
		{31450350-6D9B-4FA2-938F-8B6ACC8DD135}.Debug|iPhone.Deploy.0 = Debug|iPhone
		{31450350-6D9B-4FA2-938F-8B6ACC8DD135}.Debug|iPhoneSimulator.ActiveCfg = Debug|iPhoneSimulator
		{31450350-6D9B-4FA2-938F-8B6ACC8DD135}.Debug|iPhoneSimulator.Build.0 = Debug|iPhoneSimulator
		{31450350-6D9B-4FA2-938F-8B6ACC8DD135}.Debug|iPhoneSimulator.Deploy.0 = Debug|iPhoneSimulator
		{31450350-6D9B-4FA2-938F-8B6ACC8DD135}.Debug|x64.ActiveCfg = Debug|iPhone
		{31450350-6D9B-4FA2-938F-8B6ACC8DD135}.Debug|x64.Build.0 = Debug|iPhone
		{31450350-6D9B-4FA2-938F-8B6ACC8DD135}.Debug|x64.Deploy.0 = Debug|iPhone
		{31450350-6D9B-4FA2-938F-8B6ACC8DD135}.Debug|x86.ActiveCfg = Debug|iPhone
		{31450350-6D9B-4FA2-938F-8B6ACC8DD135}.Debug|x86.Build.0 = Debug|iPhone
		{31450350-6D9B-4FA2-938F-8B6ACC8DD135}.Debug|x86.Deploy.0 = Debug|iPhone
		{31450350-6D9B-4FA2-938F-8B6ACC8DD135}.Release|Any CPU.ActiveCfg = Release|iPhone
		{31450350-6D9B-4FA2-938F-8B6ACC8DD135}.Release|Any CPU.Build.0 = Release|iPhone
		{31450350-6D9B-4FA2-938F-8B6ACC8DD135}.Release|Any CPU.Deploy.0 = Release|iPhone
		{31450350-6D9B-4FA2-938F-8B6ACC8DD135}.Release|ARM.ActiveCfg = Release|iPhone
		{31450350-6D9B-4FA2-938F-8B6ACC8DD135}.Release|ARM.Build.0 = Release|iPhone
		{31450350-6D9B-4FA2-938F-8B6ACC8DD135}.Release|ARM.Deploy.0 = Release|iPhone
		{31450350-6D9B-4FA2-938F-8B6ACC8DD135}.Release|iPhone.ActiveCfg = Release|iPhone
		{31450350-6D9B-4FA2-938F-8B6ACC8DD135}.Release|iPhone.Build.0 = Release|iPhone
		{31450350-6D9B-4FA2-938F-8B6ACC8DD135}.Release|iPhone.Deploy.0 = Release|iPhone
		{31450350-6D9B-4FA2-938F-8B6ACC8DD135}.Release|iPhoneSimulator.ActiveCfg = Release|iPhoneSimulator
		{31450350-6D9B-4FA2-938F-8B6ACC8DD135}.Release|iPhoneSimulator.Build.0 = Release|iPhoneSimulator
		{31450350-6D9B-4FA2-938F-8B6ACC8DD135}.Release|iPhoneSimulator.Deploy.0 = Release|iPhoneSimulator
		{31450350-6D9B-4FA2-938F-8B6ACC8DD135}.Release|x64.ActiveCfg = Release|iPhone
		{31450350-6D9B-4FA2-938F-8B6ACC8DD135}.Release|x64.Build.0 = Release|iPhone
		{31450350-6D9B-4FA2-938F-8B6ACC8DD135}.Release|x64.Deploy.0 = Release|iPhone
		{31450350-6D9B-4FA2-938F-8B6ACC8DD135}.Release|x86.ActiveCfg = Release|iPhone
		{31450350-6D9B-4FA2-938F-8B6ACC8DD135}.Release|x86.Build.0 = Release|iPhone
		{31450350-6D9B-4FA2-938F-8B6ACC8DD135}.Release|x86.Deploy.0 = Release|iPhone
		{B75A9BC4-80F2-42CD-A8A7-4AD013788907}.Ad-Hoc|Any CPU.ActiveCfg = Release|x86
		{B75A9BC4-80F2-42CD-A8A7-4AD013788907}.Ad-Hoc|Any CPU.Build.0 = Release|x86
		{B75A9BC4-80F2-42CD-A8A7-4AD013788907}.Ad-Hoc|Any CPU.Deploy.0 = Release|x86
		{B75A9BC4-80F2-42CD-A8A7-4AD013788907}.Ad-Hoc|ARM.ActiveCfg = Release|ARM
		{B75A9BC4-80F2-42CD-A8A7-4AD013788907}.Ad-Hoc|ARM.Build.0 = Release|ARM
		{B75A9BC4-80F2-42CD-A8A7-4AD013788907}.Ad-Hoc|ARM.Deploy.0 = Release|ARM
		{B75A9BC4-80F2-42CD-A8A7-4AD013788907}.Ad-Hoc|iPhone.ActiveCfg = Release|x86
		{B75A9BC4-80F2-42CD-A8A7-4AD013788907}.Ad-Hoc|iPhone.Build.0 = Release|x86
		{B75A9BC4-80F2-42CD-A8A7-4AD013788907}.Ad-Hoc|iPhone.Deploy.0 = Release|x86
		{B75A9BC4-80F2-42CD-A8A7-4AD013788907}.Ad-Hoc|iPhoneSimulator.ActiveCfg = Release|x86
		{B75A9BC4-80F2-42CD-A8A7-4AD013788907}.Ad-Hoc|iPhoneSimulator.Build.0 = Release|x86
		{B75A9BC4-80F2-42CD-A8A7-4AD013788907}.Ad-Hoc|iPhoneSimulator.Deploy.0 = Release|x86
		{B75A9BC4-80F2-42CD-A8A7-4AD013788907}.Ad-Hoc|x64.ActiveCfg = Release|x64
		{B75A9BC4-80F2-42CD-A8A7-4AD013788907}.Ad-Hoc|x64.Build.0 = Release|x64
		{B75A9BC4-80F2-42CD-A8A7-4AD013788907}.Ad-Hoc|x64.Deploy.0 = Release|x64
		{B75A9BC4-80F2-42CD-A8A7-4AD013788907}.Ad-Hoc|x86.ActiveCfg = Release|x86
		{B75A9BC4-80F2-42CD-A8A7-4AD013788907}.Ad-Hoc|x86.Build.0 = Release|x86
		{B75A9BC4-80F2-42CD-A8A7-4AD013788907}.Ad-Hoc|x86.Deploy.0 = Release|x86
		{B75A9BC4-80F2-42CD-A8A7-4AD013788907}.AppStore|Any CPU.ActiveCfg = Release|x86
		{B75A9BC4-80F2-42CD-A8A7-4AD013788907}.AppStore|Any CPU.Build.0 = Release|x86
		{B75A9BC4-80F2-42CD-A8A7-4AD013788907}.AppStore|Any CPU.Deploy.0 = Release|x86
		{B75A9BC4-80F2-42CD-A8A7-4AD013788907}.AppStore|ARM.ActiveCfg = Release|ARM
		{B75A9BC4-80F2-42CD-A8A7-4AD013788907}.AppStore|ARM.Build.0 = Release|ARM
		{B75A9BC4-80F2-42CD-A8A7-4AD013788907}.AppStore|ARM.Deploy.0 = Release|ARM
		{B75A9BC4-80F2-42CD-A8A7-4AD013788907}.AppStore|iPhone.ActiveCfg = Release|x86
		{B75A9BC4-80F2-42CD-A8A7-4AD013788907}.AppStore|iPhone.Build.0 = Release|x86
		{B75A9BC4-80F2-42CD-A8A7-4AD013788907}.AppStore|iPhone.Deploy.0 = Release|x86
		{B75A9BC4-80F2-42CD-A8A7-4AD013788907}.AppStore|iPhoneSimulator.ActiveCfg = Release|x86
		{B75A9BC4-80F2-42CD-A8A7-4AD013788907}.AppStore|iPhoneSimulator.Build.0 = Release|x86
		{B75A9BC4-80F2-42CD-A8A7-4AD013788907}.AppStore|iPhoneSimulator.Deploy.0 = Release|x86
		{B75A9BC4-80F2-42CD-A8A7-4AD013788907}.AppStore|x64.ActiveCfg = Release|x64
		{B75A9BC4-80F2-42CD-A8A7-4AD013788907}.AppStore|x64.Build.0 = Release|x64
		{B75A9BC4-80F2-42CD-A8A7-4AD013788907}.AppStore|x64.Deploy.0 = Release|x64
		{B75A9BC4-80F2-42CD-A8A7-4AD013788907}.AppStore|x86.ActiveCfg = Release|x86
		{B75A9BC4-80F2-42CD-A8A7-4AD013788907}.AppStore|x86.Build.0 = Release|x86
		{B75A9BC4-80F2-42CD-A8A7-4AD013788907}.AppStore|x86.Deploy.0 = Release|x86
		{B75A9BC4-80F2-42CD-A8A7-4AD013788907}.Debug|Any CPU.ActiveCfg = Debug|x86
		{B75A9BC4-80F2-42CD-A8A7-4AD013788907}.Debug|Any CPU.Build.0 = Debug|x86
		{B75A9BC4-80F2-42CD-A8A7-4AD013788907}.Debug|Any CPU.Deploy.0 = Debug|x86
		{B75A9BC4-80F2-42CD-A8A7-4AD013788907}.Debug|ARM.ActiveCfg = Debug|ARM
		{B75A9BC4-80F2-42CD-A8A7-4AD013788907}.Debug|ARM.Build.0 = Debug|ARM
		{B75A9BC4-80F2-42CD-A8A7-4AD013788907}.Debug|ARM.Deploy.0 = Debug|ARM
		{B75A9BC4-80F2-42CD-A8A7-4AD013788907}.Debug|iPhone.ActiveCfg = Debug|x86
		{B75A9BC4-80F2-42CD-A8A7-4AD013788907}.Debug|iPhone.Build.0 = Debug|x86
		{B75A9BC4-80F2-42CD-A8A7-4AD013788907}.Debug|iPhone.Deploy.0 = Debug|x86
		{B75A9BC4-80F2-42CD-A8A7-4AD013788907}.Debug|iPhoneSimulator.ActiveCfg = Debug|x86
		{B75A9BC4-80F2-42CD-A8A7-4AD013788907}.Debug|iPhoneSimulator.Build.0 = Debug|x86
		{B75A9BC4-80F2-42CD-A8A7-4AD013788907}.Debug|iPhoneSimulator.Deploy.0 = Debug|x86
		{B75A9BC4-80F2-42CD-A8A7-4AD013788907}.Debug|x64.ActiveCfg = Debug|x64
		{B75A9BC4-80F2-42CD-A8A7-4AD013788907}.Debug|x64.Build.0 = Debug|x64
		{B75A9BC4-80F2-42CD-A8A7-4AD013788907}.Debug|x64.Deploy.0 = Debug|x64
		{B75A9BC4-80F2-42CD-A8A7-4AD013788907}.Debug|x86.ActiveCfg = Debug|x86
		{B75A9BC4-80F2-42CD-A8A7-4AD013788907}.Debug|x86.Build.0 = Debug|x86
		{B75A9BC4-80F2-42CD-A8A7-4AD013788907}.Debug|x86.Deploy.0 = Debug|x86
		{B75A9BC4-80F2-42CD-A8A7-4AD013788907}.Release|Any CPU.ActiveCfg = Release|x86
		{B75A9BC4-80F2-42CD-A8A7-4AD013788907}.Release|Any CPU.Build.0 = Release|x86
		{B75A9BC4-80F2-42CD-A8A7-4AD013788907}.Release|Any CPU.Deploy.0 = Release|x86
		{B75A9BC4-80F2-42CD-A8A7-4AD013788907}.Release|ARM.ActiveCfg = Release|ARM
		{B75A9BC4-80F2-42CD-A8A7-4AD013788907}.Release|ARM.Build.0 = Release|ARM
		{B75A9BC4-80F2-42CD-A8A7-4AD013788907}.Release|ARM.Deploy.0 = Release|ARM
		{B75A9BC4-80F2-42CD-A8A7-4AD013788907}.Release|iPhone.ActiveCfg = Release|x86
		{B75A9BC4-80F2-42CD-A8A7-4AD013788907}.Release|iPhone.Build.0 = Release|x86
		{B75A9BC4-80F2-42CD-A8A7-4AD013788907}.Release|iPhone.Deploy.0 = Release|x86
		{B75A9BC4-80F2-42CD-A8A7-4AD013788907}.Release|iPhoneSimulator.ActiveCfg = Release|x86
		{B75A9BC4-80F2-42CD-A8A7-4AD013788907}.Release|iPhoneSimulator.Build.0 = Release|x86
		{B75A9BC4-80F2-42CD-A8A7-4AD013788907}.Release|iPhoneSimulator.Deploy.0 = Release|x86
		{B75A9BC4-80F2-42CD-A8A7-4AD013788907}.Release|x64.ActiveCfg = Release|x64
		{B75A9BC4-80F2-42CD-A8A7-4AD013788907}.Release|x64.Build.0 = Release|x64
		{B75A9BC4-80F2-42CD-A8A7-4AD013788907}.Release|x64.Deploy.0 = Release|x64
		{B75A9BC4-80F2-42CD-A8A7-4AD013788907}.Release|x86.ActiveCfg = Release|x86
		{B75A9BC4-80F2-42CD-A8A7-4AD013788907}.Release|x86.Build.0 = Release|x86
		{B75A9BC4-80F2-42CD-A8A7-4AD013788907}.Release|x86.Deploy.0 = Release|x86
		{8610F9A9-36C0-4150-A552-C65333EE5FCE}.Ad-Hoc|Any CPU.ActiveCfg = Debug|Any CPU
		{8610F9A9-36C0-4150-A552-C65333EE5FCE}.Ad-Hoc|Any CPU.Build.0 = Debug|Any CPU
		{8610F9A9-36C0-4150-A552-C65333EE5FCE}.Ad-Hoc|Any CPU.Deploy.0 = Debug|Any CPU
		{8610F9A9-36C0-4150-A552-C65333EE5FCE}.Ad-Hoc|ARM.ActiveCfg = Debug|Any CPU
		{8610F9A9-36C0-4150-A552-C65333EE5FCE}.Ad-Hoc|ARM.Build.0 = Debug|Any CPU
		{8610F9A9-36C0-4150-A552-C65333EE5FCE}.Ad-Hoc|ARM.Deploy.0 = Debug|Any CPU
		{8610F9A9-36C0-4150-A552-C65333EE5FCE}.Ad-Hoc|iPhone.ActiveCfg = Debug|Any CPU
		{8610F9A9-36C0-4150-A552-C65333EE5FCE}.Ad-Hoc|iPhone.Build.0 = Debug|Any CPU
		{8610F9A9-36C0-4150-A552-C65333EE5FCE}.Ad-Hoc|iPhone.Deploy.0 = Debug|Any CPU
		{8610F9A9-36C0-4150-A552-C65333EE5FCE}.Ad-Hoc|iPhoneSimulator.ActiveCfg = Debug|Any CPU
		{8610F9A9-36C0-4150-A552-C65333EE5FCE}.Ad-Hoc|iPhoneSimulator.Build.0 = Debug|Any CPU
		{8610F9A9-36C0-4150-A552-C65333EE5FCE}.Ad-Hoc|iPhoneSimulator.Deploy.0 = Debug|Any CPU
		{8610F9A9-36C0-4150-A552-C65333EE5FCE}.Ad-Hoc|x64.ActiveCfg = Debug|Any CPU
		{8610F9A9-36C0-4150-A552-C65333EE5FCE}.Ad-Hoc|x64.Build.0 = Debug|Any CPU
		{8610F9A9-36C0-4150-A552-C65333EE5FCE}.Ad-Hoc|x64.Deploy.0 = Debug|Any CPU
		{8610F9A9-36C0-4150-A552-C65333EE5FCE}.Ad-Hoc|x86.ActiveCfg = Debug|Any CPU
		{8610F9A9-36C0-4150-A552-C65333EE5FCE}.Ad-Hoc|x86.Build.0 = Debug|Any CPU
		{8610F9A9-36C0-4150-A552-C65333EE5FCE}.Ad-Hoc|x86.Deploy.0 = Debug|Any CPU
		{8610F9A9-36C0-4150-A552-C65333EE5FCE}.AppStore|Any CPU.ActiveCfg = Debug|Any CPU
		{8610F9A9-36C0-4150-A552-C65333EE5FCE}.AppStore|Any CPU.Build.0 = Debug|Any CPU
		{8610F9A9-36C0-4150-A552-C65333EE5FCE}.AppStore|Any CPU.Deploy.0 = Debug|Any CPU
		{8610F9A9-36C0-4150-A552-C65333EE5FCE}.AppStore|ARM.ActiveCfg = Debug|Any CPU
		{8610F9A9-36C0-4150-A552-C65333EE5FCE}.AppStore|ARM.Build.0 = Debug|Any CPU
		{8610F9A9-36C0-4150-A552-C65333EE5FCE}.AppStore|ARM.Deploy.0 = Debug|Any CPU
		{8610F9A9-36C0-4150-A552-C65333EE5FCE}.AppStore|iPhone.ActiveCfg = Debug|Any CPU
		{8610F9A9-36C0-4150-A552-C65333EE5FCE}.AppStore|iPhone.Build.0 = Debug|Any CPU
		{8610F9A9-36C0-4150-A552-C65333EE5FCE}.AppStore|iPhone.Deploy.0 = Debug|Any CPU
		{8610F9A9-36C0-4150-A552-C65333EE5FCE}.AppStore|iPhoneSimulator.ActiveCfg = Debug|Any CPU
		{8610F9A9-36C0-4150-A552-C65333EE5FCE}.AppStore|iPhoneSimulator.Build.0 = Debug|Any CPU
		{8610F9A9-36C0-4150-A552-C65333EE5FCE}.AppStore|iPhoneSimulator.Deploy.0 = Debug|Any CPU
		{8610F9A9-36C0-4150-A552-C65333EE5FCE}.AppStore|x64.ActiveCfg = Debug|Any CPU
		{8610F9A9-36C0-4150-A552-C65333EE5FCE}.AppStore|x64.Build.0 = Debug|Any CPU
		{8610F9A9-36C0-4150-A552-C65333EE5FCE}.AppStore|x64.Deploy.0 = Debug|Any CPU
		{8610F9A9-36C0-4150-A552-C65333EE5FCE}.AppStore|x86.ActiveCfg = Debug|Any CPU
		{8610F9A9-36C0-4150-A552-C65333EE5FCE}.AppStore|x86.Build.0 = Debug|Any CPU
		{8610F9A9-36C0-4150-A552-C65333EE5FCE}.AppStore|x86.Deploy.0 = Debug|Any CPU
		{8610F9A9-36C0-4150-A552-C65333EE5FCE}.Debug|Any CPU.ActiveCfg = Debug|Any CPU
		{8610F9A9-36C0-4150-A552-C65333EE5FCE}.Debug|Any CPU.Build.0 = Debug|Any CPU
		{8610F9A9-36C0-4150-A552-C65333EE5FCE}.Debug|Any CPU.Deploy.0 = Debug|Any CPU
		{8610F9A9-36C0-4150-A552-C65333EE5FCE}.Debug|ARM.ActiveCfg = Debug|Any CPU
		{8610F9A9-36C0-4150-A552-C65333EE5FCE}.Debug|ARM.Build.0 = Debug|Any CPU
		{8610F9A9-36C0-4150-A552-C65333EE5FCE}.Debug|ARM.Deploy.0 = Debug|Any CPU
		{8610F9A9-36C0-4150-A552-C65333EE5FCE}.Debug|iPhone.ActiveCfg = Debug|Any CPU
		{8610F9A9-36C0-4150-A552-C65333EE5FCE}.Debug|iPhone.Build.0 = Debug|Any CPU
		{8610F9A9-36C0-4150-A552-C65333EE5FCE}.Debug|iPhone.Deploy.0 = Debug|Any CPU
		{8610F9A9-36C0-4150-A552-C65333EE5FCE}.Debug|iPhoneSimulator.ActiveCfg = Debug|Any CPU
		{8610F9A9-36C0-4150-A552-C65333EE5FCE}.Debug|iPhoneSimulator.Build.0 = Debug|Any CPU
		{8610F9A9-36C0-4150-A552-C65333EE5FCE}.Debug|iPhoneSimulator.Deploy.0 = Debug|Any CPU
		{8610F9A9-36C0-4150-A552-C65333EE5FCE}.Debug|x64.ActiveCfg = Debug|Any CPU
		{8610F9A9-36C0-4150-A552-C65333EE5FCE}.Debug|x64.Build.0 = Debug|Any CPU
		{8610F9A9-36C0-4150-A552-C65333EE5FCE}.Debug|x64.Deploy.0 = Debug|Any CPU
		{8610F9A9-36C0-4150-A552-C65333EE5FCE}.Debug|x86.ActiveCfg = Debug|Any CPU
		{8610F9A9-36C0-4150-A552-C65333EE5FCE}.Debug|x86.Build.0 = Debug|Any CPU
		{8610F9A9-36C0-4150-A552-C65333EE5FCE}.Debug|x86.Deploy.0 = Debug|Any CPU
		{8610F9A9-36C0-4150-A552-C65333EE5FCE}.Release|Any CPU.ActiveCfg = Release|Any CPU
		{8610F9A9-36C0-4150-A552-C65333EE5FCE}.Release|Any CPU.Build.0 = Release|Any CPU
		{8610F9A9-36C0-4150-A552-C65333EE5FCE}.Release|Any CPU.Deploy.0 = Release|Any CPU
		{8610F9A9-36C0-4150-A552-C65333EE5FCE}.Release|ARM.ActiveCfg = Release|Any CPU
		{8610F9A9-36C0-4150-A552-C65333EE5FCE}.Release|ARM.Build.0 = Release|Any CPU
		{8610F9A9-36C0-4150-A552-C65333EE5FCE}.Release|ARM.Deploy.0 = Release|Any CPU
		{8610F9A9-36C0-4150-A552-C65333EE5FCE}.Release|iPhone.ActiveCfg = Release|Any CPU
		{8610F9A9-36C0-4150-A552-C65333EE5FCE}.Release|iPhone.Build.0 = Release|Any CPU
		{8610F9A9-36C0-4150-A552-C65333EE5FCE}.Release|iPhone.Deploy.0 = Release|Any CPU
		{8610F9A9-36C0-4150-A552-C65333EE5FCE}.Release|iPhoneSimulator.ActiveCfg = Release|Any CPU
		{8610F9A9-36C0-4150-A552-C65333EE5FCE}.Release|iPhoneSimulator.Build.0 = Release|Any CPU
		{8610F9A9-36C0-4150-A552-C65333EE5FCE}.Release|iPhoneSimulator.Deploy.0 = Release|Any CPU
		{8610F9A9-36C0-4150-A552-C65333EE5FCE}.Release|x64.ActiveCfg = Release|Any CPU
		{8610F9A9-36C0-4150-A552-C65333EE5FCE}.Release|x64.Build.0 = Release|Any CPU
		{8610F9A9-36C0-4150-A552-C65333EE5FCE}.Release|x64.Deploy.0 = Release|Any CPU
		{8610F9A9-36C0-4150-A552-C65333EE5FCE}.Release|x86.ActiveCfg = Release|Any CPU
		{8610F9A9-36C0-4150-A552-C65333EE5FCE}.Release|x86.Build.0 = Release|Any CPU
		{8610F9A9-36C0-4150-A552-C65333EE5FCE}.Release|x86.Deploy.0 = Release|Any CPU
	EndGlobalSection
	GlobalSection(SolutionProperties) = preSolution
		HideSolutionNode = FALSE
	EndGlobalSection
	GlobalSection(ExtensibilityGlobals) = postSolution
		SolutionGuid = {53579B4F-BF10-4338-B94E-165A54A88B18}
	EndGlobalSection
EndGlobal
